
Microsoft Visual Studio Solution File, Format Version 12.00
# Visual Studio Version 17
VisualStudioVersion = 17.11.35201.85
MinimumVisualStudioVersion = 10.0.40219.1
Project("{FAE04EC0-301F-11D3-BF4B-00C04F79EFBC}") = "AplikasiLatihan3_MK2", "AplikasiLatihan3_MK2\AplikasiLatihan3_MK2.csproj", "{F813ADDA-E949-4A33-B084-4240CDD73ED9}"
EndProject
Global
	GlobalSection(SolutionConfigurationPlatforms) = preSolution
		Debug|Any CPU = Debug|Any CPU
		Release|Any CPU = Release|Any CPU
	EndGlobalSection
	GlobalSection(ProjectConfigurationPlatforms) = postSolution
		{F813ADDA-E949-4A33-B084-4240CDD73ED9}.Debug|Any CPU.ActiveCfg = Debug|Any CPU
		{F813ADDA-E949-4A33-B084-4240CDD73ED9}.Debug|Any CPU.Build.0 = Debug|Any CPU
		{F813ADDA-E949-4A33-B084-4240CDD73ED9}.Release|Any CPU.ActiveCfg = Release|Any CPU
		{F813ADDA-E949-4A33-B084-4240CDD73ED9}.Release|Any CPU.Build.0 = Release|Any CPU
	EndGlobalSection
	GlobalSection(SolutionProperties) = preSolution
		HideSolutionNode = FALSE
	EndGlobalSection
	GlobalSection(ExtensibilityGlobals) = postSolution
		SolutionGuid = {27485D4A-80C9-4149-A508-161279C1B2FF}
	EndGlobalSection
EndGlobal
