
Microsoft Visual Studio Solution File, Format Version 12.00
# Visual Studio Version 17
VisualStudioVersion = 17.11.35201.85
MinimumVisualStudioVersion = 10.0.40219.1
Project("{FAE04EC0-301F-11D3-BF4B-00C04F79EFBC}") = "AplikasiLatihan2_MK2", "AplikasiLatihan2_MK2\AplikasiLatihan2_MK2.csproj", "{FEEA0656-734F-42EB-8708-EECF889FC034}"
EndProject
Global
	GlobalSection(SolutionConfigurationPlatforms) = preSolution
		Debug|Any CPU = Debug|Any CPU
		Release|Any CPU = Release|Any CPU
	EndGlobalSection
	GlobalSection(ProjectConfigurationPlatforms) = postSolution
		{FEEA0656-734F-42EB-8708-EECF889FC034}.Debug|Any CPU.ActiveCfg = Debug|Any CPU
		{FEEA0656-734F-42EB-8708-EECF889FC034}.Debug|Any CPU.Build.0 = Debug|Any CPU
		{FEEA0656-734F-42EB-8708-EECF889FC034}.Release|Any CPU.ActiveCfg = Release|Any CPU
		{FEEA0656-734F-42EB-8708-EECF889FC034}.Release|Any CPU.Build.0 = Release|Any CPU
	EndGlobalSection
	GlobalSection(SolutionProperties) = preSolution
		HideSolutionNode = FALSE
	EndGlobalSection
	GlobalSection(ExtensibilityGlobals) = postSolution
		SolutionGuid = {6B412265-8A3E-4780-BA57-C20B9A254137}
	EndGlobalSection
EndGlobal
