
Microsoft Visual Studio Solution File, Format Version 12.00
# Visual Studio Version 17
VisualStudioVersion = 17.7.34031.279
MinimumVisualStudioVersion = 10.0.40219.1
Project("{FAE04EC0-301F-11D3-BF4B-00C04F79EFBC}") = "segitiga_lingkaran_balok", "segitiga_lingkaran_balok.csproj", "{FEBB2AB8-FB0F-40BD-AFF6-57E3964D3004}"
EndProject
Global
	GlobalSection(SolutionConfigurationPlatforms) = preSolution
		Debug|Any CPU = Debug|Any CPU
		Release|Any CPU = Release|Any CPU
	EndGlobalSection
	GlobalSection(ProjectConfigurationPlatforms) = postSolution
		{FEBB2AB8-FB0F-40BD-AFF6-57E3964D3004}.Debug|Any CPU.ActiveCfg = Debug|Any CPU
		{FEBB2AB8-FB0F-40BD-AFF6-57E3964D3004}.Debug|Any CPU.Build.0 = Debug|Any CPU
		{FEBB2AB8-FB0F-40BD-AFF6-57E3964D3004}.Release|Any CPU.ActiveCfg = Release|Any CPU
		{FEBB2AB8-FB0F-40BD-AFF6-57E3964D3004}.Release|Any CPU.Build.0 = Release|Any CPU
	EndGlobalSection
	GlobalSection(SolutionProperties) = preSolution
		HideSolutionNode = FALSE
	EndGlobalSection
	GlobalSection(ExtensibilityGlobals) = postSolution
		SolutionGuid = {4E20AEC7-72E3-4AE4-9AF5-EE80C6134690}
	EndGlobalSection
EndGlobal
